{
  "requires": true,
  "lockfileVersion": 1,
  "dependencies": {
    "bootstrap-sass": {
      "version": "3.4.1",
      "resolved": "https://registry.npmjs.org/bootstrap-sass/-/bootstrap-sass-3.4.1.tgz",
      "integrity": "sha512-p5rxsK/IyEDQm2CwiHxxUi0MZZtvVFbhWmyMOt4lLkA4bujDA1TGoKT0i1FKIWiugAdP+kK8T5KMDFIKQCLYIA=="
    },
    "gulp": {
      "version": "3.9.1",
      "resolved": "https://registry.npmjs.org/gulp/-/gulp-3.9.1.tgz",
      "integrity": "sha1-VxzkWSjdQK9lFPxAEYZgFsE4RbQ=",
      "dev": true
    },
    "laravel-elixir": {
      "version": "6.0.0-15",
      "resolved": "https://registry.npmjs.org/laravel-elixir/-/laravel-elixir-6.0.0-15.tgz",
      "integrity": "sha1-yx3C9JkcWiEoVe6cM3OWcrHzbIA=",
      "requires": {
        "glob": "^7.0.3",
        "underscore": "^1.8.3"
      },
      "dependencies": {
        "glob": {
          "version": "7.1.2",
          "resolved": "https://registry.npmjs.org/glob/-/glob-7.1.2.tgz",
          "integrity": "sha512-MJTUg1kjuLeQCJ+ccE4Vpa6kKVXkPYJ2mOCQyUuKLcLQsdrMCpBPUi8qVE6+YuaJkozeA9NusTAw3hLr8Xe5EQ==",
          "requires": {
            "minimatch": "^3.0.4"
          }
        },
        "minimatch": {
          "version": "3.0.4",
          "resolved": "https://registry.npmjs.org/minimatch/-/minimatch-3.0.4.tgz",
          "integrity": "sha512-yJHVQEhyqPLUTgt9B83PXu6W3rx4MvvHvSUvToogpwoGDOUQ+yDrR0HRot+yOCdCO7u4hX3pWft6kWBBcqh0UA=="
        }
      }
    },
    "laravel-elixir-vueify": {
      "version": "1.0.6",
      "resolved": "https://registry.npmjs.org/laravel-elixir-vueify/-/laravel-elixir-vueify-1.0.6.tgz",
      "integrity": "sha1-KdlxegFICMtCwhuCF7X7JAWtP24="
    },
    "sweetalert": {
      "version": "1.1.3",
      "resolved": "https://registry.npmjs.org/sweetalert/-/sweetalert-1.1.3.tgz",
      "integrity": "sha1-0sMepJKyK2qNiHrqFZiaI4/AhK4="
    },
    "underscore": {
      "version": "1.8.3",
      "resolved": "https://registry.npmjs.org/underscore/-/underscore-1.8.3.tgz",
      "integrity": "sha1-Tz+1OxBuYJf8+ctBCfKl6b36UCI="
    },
    "vue-resource": {
      "version": "0.7.4",
      "resolved": "https://registry.npmjs.org/vue-resource/-/vue-resource-0.7.4.tgz",
      "integrity": "sha1-pTGhQxB6+GfUL7PRcrMKMCXBw1Q="
    }
  }
}
